
Microsoft Visual Studio Solution File, Format Version 12.00
# Visual Studio Version 17
VisualStudioVersion = 17.11.35327.3
MinimumVisualStudioVersion = 10.0.40219.1
Project("{2150E333-8FDC-42A3-9474-1A3956D46DE8}") = "SRCS", "SRCS", "{F7FECB7C-B774-44C6-883E-9527660DBBE0}"
EndProject
Project("{2150E333-8FDC-42A3-9474-1A3956D46DE8}") = "TESTS", "TESTS", "{478D043C-9F0B-4AF8-83AB-18FF4E3683DC}"
EndProject
Project("{9A19103F-16F7-4668-BE54-9A1E7A4F7556}") = "Exercise.Domains", "Exercise.Domains\Exercise.Domains.csproj", "{E91DB264-C5A4-4638-9CCE-B6C88D91C964}"
EndProject
Project("{9A19103F-16F7-4668-BE54-9A1E7A4F7556}") = "Exercise.Applications", "Exercise.Applications\Exercise.Applications.csproj", "{598A3B1D-403C-4DED-A65A-D56E97A30F4D}"
EndProject
Project("{9A19103F-16F7-4668-BE54-9A1E7A4F7556}") = "Exercise.Infrastructures", "Exercise.Infrastructures\Exercise.Infrastructures.csproj", "{7B7028CB-E7A4-4A0C-A0E1-6C1E831964CE}"
EndProject
Project("{9A19103F-16F7-4668-BE54-9A1E7A4F7556}") = "Exercise.DomainsTests", "Exercise.DomainsTests\Exercise.DomainsTests.csproj", "{646FC76F-D8AD-4B62-8252-52173E5A0ECD}"
EndProject
Project("{9A19103F-16F7-4668-BE54-9A1E7A4F7556}") = "Exercise.ApplicationsTests", "Exercise.ApplicationsTests\Exercise.ApplicationsTests.csproj", "{6AAC3005-83E6-4915-A788-0382E1A39696}"
EndProject
Project("{9A19103F-16F7-4668-BE54-9A1E7A4F7556}") = "Exercise.InfrastructuresTests", "Exercise.InfrastructuresTests\Exercise.InfrastructuresTests.csproj", "{A5625FA4-07C7-4172-9982-38E5B9E4C957}"
EndProject
Project("{9A19103F-16F7-4668-BE54-9A1E7A4F7556}") = "CommonsHelpers", "CommonsHelpers\CommonsHelpers.csproj", "{EF547FE1-22EE-4C17-A916-40562BF087CD}"
EndProject
Project("{FAE04EC0-301F-11D3-BF4B-00C04F79EFBC}") = "BDD_Fronts", "BDD_Fronts\BDD_Fronts.csproj", "{63FCEF11-5E63-4525-9B04-F5A47F36DA76}"
EndProject
Project("{FAE04EC0-301F-11D3-BF4B-00C04F79EFBC}") = "BDD_FrontsTests", "BDD_FrontsTests\BDD_FrontsTests.csproj", "{29740C91-642B-44A2-BD56-A517784403EC}"
EndProject
Project("{FAE04EC0-301F-11D3-BF4B-00C04F79EFBC}") = "Exercise.Demo", "Exercise.Demo\Exercise.Demo.csproj", "{F9C776F1-27B8-4398-A36A-A506F2CF6B0C}"
EndProject
Project("{FAE04EC0-301F-11D3-BF4B-00C04F79EFBC}") = "Exercise.DemoTests", "Exercise.DemoTests\Exercise.DemoTests.csproj", "{58C1AA1E-618D-4827-BF32-88503879C8B2}"
	ProjectSection(ProjectDependencies) = postProject
		{F9C776F1-27B8-4398-A36A-A506F2CF6B0C} = {F9C776F1-27B8-4398-A36A-A506F2CF6B0C}
	EndProjectSection
EndProject
Global
	GlobalSection(SolutionConfigurationPlatforms) = preSolution
		Debug|Any CPU = Debug|Any CPU
		Release|Any CPU = Release|Any CPU
	EndGlobalSection
	GlobalSection(ProjectConfigurationPlatforms) = postSolution
		{E91DB264-C5A4-4638-9CCE-B6C88D91C964}.Debug|Any CPU.ActiveCfg = Debug|Any CPU
		{E91DB264-C5A4-4638-9CCE-B6C88D91C964}.Debug|Any CPU.Build.0 = Debug|Any CPU
		{E91DB264-C5A4-4638-9CCE-B6C88D91C964}.Release|Any CPU.ActiveCfg = Release|Any CPU
		{E91DB264-C5A4-4638-9CCE-B6C88D91C964}.Release|Any CPU.Build.0 = Release|Any CPU
		{598A3B1D-403C-4DED-A65A-D56E97A30F4D}.Debug|Any CPU.ActiveCfg = Debug|Any CPU
		{598A3B1D-403C-4DED-A65A-D56E97A30F4D}.Debug|Any CPU.Build.0 = Debug|Any CPU
		{598A3B1D-403C-4DED-A65A-D56E97A30F4D}.Release|Any CPU.ActiveCfg = Release|Any CPU
		{598A3B1D-403C-4DED-A65A-D56E97A30F4D}.Release|Any CPU.Build.0 = Release|Any CPU
		{7B7028CB-E7A4-4A0C-A0E1-6C1E831964CE}.Debug|Any CPU.ActiveCfg = Debug|Any CPU
		{7B7028CB-E7A4-4A0C-A0E1-6C1E831964CE}.Debug|Any CPU.Build.0 = Debug|Any CPU
		{7B7028CB-E7A4-4A0C-A0E1-6C1E831964CE}.Release|Any CPU.ActiveCfg = Release|Any CPU
		{7B7028CB-E7A4-4A0C-A0E1-6C1E831964CE}.Release|Any CPU.Build.0 = Release|Any CPU
		{646FC76F-D8AD-4B62-8252-52173E5A0ECD}.Debug|Any CPU.ActiveCfg = Debug|Any CPU
		{646FC76F-D8AD-4B62-8252-52173E5A0ECD}.Debug|Any CPU.Build.0 = Debug|Any CPU
		{646FC76F-D8AD-4B62-8252-52173E5A0ECD}.Release|Any CPU.ActiveCfg = Release|Any CPU
		{646FC76F-D8AD-4B62-8252-52173E5A0ECD}.Release|Any CPU.Build.0 = Release|Any CPU
		{6AAC3005-83E6-4915-A788-0382E1A39696}.Debug|Any CPU.ActiveCfg = Debug|Any CPU
		{6AAC3005-83E6-4915-A788-0382E1A39696}.Debug|Any CPU.Build.0 = Debug|Any CPU
		{6AAC3005-83E6-4915-A788-0382E1A39696}.Release|Any CPU.ActiveCfg = Release|Any CPU
		{6AAC3005-83E6-4915-A788-0382E1A39696}.Release|Any CPU.Build.0 = Release|Any CPU
		{A5625FA4-07C7-4172-9982-38E5B9E4C957}.Debug|Any CPU.ActiveCfg = Debug|Any CPU
		{A5625FA4-07C7-4172-9982-38E5B9E4C957}.Debug|Any CPU.Build.0 = Debug|Any CPU
		{A5625FA4-07C7-4172-9982-38E5B9E4C957}.Release|Any CPU.ActiveCfg = Release|Any CPU
		{A5625FA4-07C7-4172-9982-38E5B9E4C957}.Release|Any CPU.Build.0 = Release|Any CPU
		{EF547FE1-22EE-4C17-A916-40562BF087CD}.Debug|Any CPU.ActiveCfg = Debug|Any CPU
		{EF547FE1-22EE-4C17-A916-40562BF087CD}.Debug|Any CPU.Build.0 = Debug|Any CPU
		{EF547FE1-22EE-4C17-A916-40562BF087CD}.Release|Any CPU.ActiveCfg = Release|Any CPU
		{EF547FE1-22EE-4C17-A916-40562BF087CD}.Release|Any CPU.Build.0 = Release|Any CPU
		{63FCEF11-5E63-4525-9B04-F5A47F36DA76}.Debug|Any CPU.ActiveCfg = Debug|Any CPU
		{63FCEF11-5E63-4525-9B04-F5A47F36DA76}.Debug|Any CPU.Build.0 = Debug|Any CPU
		{63FCEF11-5E63-4525-9B04-F5A47F36DA76}.Release|Any CPU.ActiveCfg = Release|Any CPU
		{63FCEF11-5E63-4525-9B04-F5A47F36DA76}.Release|Any CPU.Build.0 = Release|Any CPU
		{29740C91-642B-44A2-BD56-A517784403EC}.Debug|Any CPU.ActiveCfg = Debug|Any CPU
		{29740C91-642B-44A2-BD56-A517784403EC}.Debug|Any CPU.Build.0 = Debug|Any CPU
		{29740C91-642B-44A2-BD56-A517784403EC}.Release|Any CPU.ActiveCfg = Release|Any CPU
		{29740C91-642B-44A2-BD56-A517784403EC}.Release|Any CPU.Build.0 = Release|Any CPU
		{F9C776F1-27B8-4398-A36A-A506F2CF6B0C}.Debug|Any CPU.ActiveCfg = Debug|Any CPU
		{F9C776F1-27B8-4398-A36A-A506F2CF6B0C}.Debug|Any CPU.Build.0 = Debug|Any CPU
		{F9C776F1-27B8-4398-A36A-A506F2CF6B0C}.Release|Any CPU.ActiveCfg = Release|Any CPU
		{F9C776F1-27B8-4398-A36A-A506F2CF6B0C}.Release|Any CPU.Build.0 = Release|Any CPU
		{58C1AA1E-618D-4827-BF32-88503879C8B2}.Debug|Any CPU.ActiveCfg = Debug|Any CPU
		{58C1AA1E-618D-4827-BF32-88503879C8B2}.Debug|Any CPU.Build.0 = Debug|Any CPU
		{58C1AA1E-618D-4827-BF32-88503879C8B2}.Release|Any CPU.ActiveCfg = Release|Any CPU
		{58C1AA1E-618D-4827-BF32-88503879C8B2}.Release|Any CPU.Build.0 = Release|Any CPU
	EndGlobalSection
	GlobalSection(SolutionProperties) = preSolution
		HideSolutionNode = FALSE
	EndGlobalSection
	GlobalSection(NestedProjects) = preSolution
		{E91DB264-C5A4-4638-9CCE-B6C88D91C964} = {F7FECB7C-B774-44C6-883E-9527660DBBE0}
		{598A3B1D-403C-4DED-A65A-D56E97A30F4D} = {F7FECB7C-B774-44C6-883E-9527660DBBE0}
		{7B7028CB-E7A4-4A0C-A0E1-6C1E831964CE} = {F7FECB7C-B774-44C6-883E-9527660DBBE0}
		{646FC76F-D8AD-4B62-8252-52173E5A0ECD} = {478D043C-9F0B-4AF8-83AB-18FF4E3683DC}
		{6AAC3005-83E6-4915-A788-0382E1A39696} = {478D043C-9F0B-4AF8-83AB-18FF4E3683DC}
		{A5625FA4-07C7-4172-9982-38E5B9E4C957} = {478D043C-9F0B-4AF8-83AB-18FF4E3683DC}
		{EF547FE1-22EE-4C17-A916-40562BF087CD} = {478D043C-9F0B-4AF8-83AB-18FF4E3683DC}
		{63FCEF11-5E63-4525-9B04-F5A47F36DA76} = {F7FECB7C-B774-44C6-883E-9527660DBBE0}
		{29740C91-642B-44A2-BD56-A517784403EC} = {478D043C-9F0B-4AF8-83AB-18FF4E3683DC}
		{F9C776F1-27B8-4398-A36A-A506F2CF6B0C} = {F7FECB7C-B774-44C6-883E-9527660DBBE0}
		{58C1AA1E-618D-4827-BF32-88503879C8B2} = {478D043C-9F0B-4AF8-83AB-18FF4E3683DC}
	EndGlobalSection
	GlobalSection(ExtensibilityGlobals) = postSolution
		SolutionGuid = {91F9B2E5-B44A-422F-AAC9-EE01361E4055}
	EndGlobalSection
EndGlobal
